{
  "name": "pyController",
  "lockfileVersion": 2,
  "requires": true,
  "packages": {
    "": {
      "dependencies": {
        "dijkstra-calculator": "^1.0.8",
        "pathfinding": "^0.4.18"
      }
    },
    "node_modules/dijkstra-calculator": {
      "version": "1.0.8",
      "resolved": "https://registry.npmjs.org/dijkstra-calculator/-/dijkstra-calculator-1.0.8.tgz",
      "integrity": "sha512-Szu3sB985R4bWsWK11Ce6phG1m6iNA64/Ce6jS8rn1RXGCiV8D9qfXCWpxWSU3VcNo7m0up7vzXrHUz8LEy/pg==",
      "engines": {
        "node": ">=10"
      }
    },
    "node_modules/heap": {
      "version": "0.2.5",
      "resolved": "https://registry.npmjs.org/heap/-/heap-0.2.5.tgz",
      "integrity": "sha512-G7HLD+WKcrOyJP5VQwYZNC3Z6FcQ7YYjEFiFoIj8PfEr73mu421o8B1N5DKUcc8K37EsJ2XXWA8DtrDz/2dReg=="
    },
    "node_modules/pathfinding": {
      "version": "0.4.18",
      "resolved": "https://registry.npmjs.org/pathfinding/-/pathfinding-0.4.18.tgz",
      "integrity": "sha512-R0TGEQ9GRcFCDvAWlJAWC+KGJ9SLbW4c0nuZRcioVlXVTlw+F5RvXQ8SQgSqI9KXWC1ew95vgmIiyaWTlCe9Ag==",
      "dependencies": {
        "heap": "0.2.5"
      }
    }
  },
  "dependencies": {
    "dijkstra-calculator": {
      "version": "1.0.8",
      "resolved": "https://registry.npmjs.org/dijkstra-calculator/-/dijkstra-calculator-1.0.8.tgz",
      "integrity": "sha512-Szu3sB985R4bWsWK11Ce6phG1m6iNA64/Ce6jS8rn1RXGCiV8D9qfXCWpxWSU3VcNo7m0up7vzXrHUz8LEy/pg=="
    },
    "heap": {
      "version": "0.2.5",
      "resolved": "https://registry.npmjs.org/heap/-/heap-0.2.5.tgz",
      "integrity": "sha512-G7HLD+WKcrOyJP5VQwYZNC3Z6FcQ7YYjEFiFoIj8PfEr73mu421o8B1N5DKUcc8K37EsJ2XXWA8DtrDz/2dReg=="
    },
    "pathfinding": {
      "version": "0.4.18",
      "resolved": "https://registry.npmjs.org/pathfinding/-/pathfinding-0.4.18.tgz",
      "integrity": "sha512-R0TGEQ9GRcFCDvAWlJAWC+KGJ9SLbW4c0nuZRcioVlXVTlw+F5RvXQ8SQgSqI9KXWC1ew95vgmIiyaWTlCe9Ag==",
      "requires": {
        "heap": "0.2.5"
      }
    }
  }
}
